// !$*UTF8*$!
{
	archiveVersion = 1;
	classes = {
	};
	objectVersion = 46;
	objects = {

/* Begin PBXBuildFile section */
		97629EB81800FA3B00ADAEF2 /* Foundation.framework in Frameworks */ = {isa = PBXBuildFile; fileRef = 97629EB71800FA3B00ADAEF2 /* Foundation.framework */; };
		97629EBA1800FA3B00ADAEF2 /* CoreGraphics.framework in Frameworks */ = {isa = PBXBuildFile; fileRef = 97629EB91800FA3B00ADAEF2 /* CoreGraphics.framework */; };
		97629EBC1800FA3B00ADAEF2 /* UIKit.framework in Frameworks */ = {isa = PBXBuildFile; fileRef = 97629EBB1800FA3B00ADAEF2 /* UIKit.framework */; };
		97629EC21800FA3B00ADAEF2 /* InfoPlist.strings in Resources */ = {isa = PBXBuildFile; fileRef = 97629EC01800FA3B00ADAEF2 /* InfoPlist.strings */; };
		97629EC41800FA3B00ADAEF2 /* main.m in Sources */ = {isa = PBXBuildFile; fileRef = 97629EC31800FA3B00ADAEF2 /* main.m */; };
		97629EC81800FA3B00ADAEF2 /* DAppDelegate.m in Sources */ = {isa = PBXBuildFile; fileRef = 97629EC71800FA3B00ADAEF2 /* DAppDelegate.m */; };
		97629ECB1800FA3B00ADAEF2 /* Main.storyboard in Resources */ = {isa = PBXBuildFile; fileRef = 97629EC91800FA3B00ADAEF2 /* Main.storyboard */; };
		97629ECE1800FA3B00ADAEF2 /* DViewController.m in Sources */ = {isa = PBXBuildFile; fileRef = 97629ECD1800FA3B00ADAEF2 /* DViewController.m */; };
		97629ED01800FA3B00ADAEF2 /* Images.xcassets in Resources */ = {isa = PBXBuildFile; fileRef = 97629ECF1800FA3B00ADAEF2 /* Images.xcassets */; };
		97629ED71800FA3B00ADAEF2 /* XCTest.framework in Frameworks */ = {isa = PBXBuildFile; fileRef = 97629ED61800FA3B00ADAEF2 /* XCTest.framework */; };
		97629ED81800FA3B00ADAEF2 /* Foundation.framework in Frameworks */ = {isa = PBXBuildFile; fileRef = 97629EB71800FA3B00ADAEF2 /* Foundation.framework */; };
		97629ED91800FA3B00ADAEF2 /* UIKit.framework in Frameworks */ = {isa = PBXBuildFile; fileRef = 97629EBB1800FA3B00ADAEF2 /* UIKit.framework */; };
		97629EE11800FA3B00ADAEF2 /* InfoPlist.strings in Resources */ = {isa = PBXBuildFile; fileRef = 97629EDF1800FA3B00ADAEF2 /* InfoPlist.strings */; };
		97629EE31800FA3B00ADAEF2 /* DrawTests.m in Sources */ = {isa = PBXBuildFile; fileRef = 97629EE21800FA3B00ADAEF2 /* DrawTests.m */; };
		97629EED1800FE6200ADAEF2 /* Twitter.framework in Frameworks */ = {isa = PBXBuildFile; fileRef = 97629EEC1800FE6200ADAEF2 /* Twitter.framework */; };
		97629EF01801054000ADAEF2 /* DLoginViewController.m in Sources */ = {isa = PBXBuildFile; fileRef = 97629EEF1801054000ADAEF2 /* DLoginViewController.m */; };
/* End PBXBuildFile section */

/* Begin PBXContainerItemProxy section */
		97629EDA1800FA3B00ADAEF2 /* PBXContainerItemProxy */ = {
			isa = PBXContainerItemProxy;
			containerPortal = 97629EAC1800FA3B00ADAEF2 /* Project object */;
			proxyType = 1;
			remoteGlobalIDString = 97629EB31800FA3B00ADAEF2;
			remoteInfo = Draw;
		};
/* End PBXContainerItemProxy section */

/* Begin PBXFileReference section */
		97629EB41800FA3B00ADAEF2 /* Draw.app */ = {isa = PBXFileReference; explicitFileType = wrapper.application; includeInIndex = 0; path = Draw.app; sourceTree = BUILT_PRODUCTS_DIR; };
		97629EB71800FA3B00ADAEF2 /* Foundation.framework */ = {isa = PBXFileReference; lastKnownFileType = wrapper.framework; name = Foundation.framework; path = System/Library/Frameworks/Foundation.framework; sourceTree = SDKROOT; };
		97629EB91800FA3B00ADAEF2 /* CoreGraphics.framework */ = {isa = PBXFileReference; lastKnownFileType = wrapper.framework; name = CoreGraphics.framework; path = System/Library/Frameworks/CoreGraphics.framework; sourceTree = SDKROOT; };
		97629EBB1800FA3B00ADAEF2 /* UIKit.framework */ = {isa = PBXFileReference; lastKnownFileType = wrapper.framework; name = UIKit.framework; path = System/Library/Frameworks/UIKit.framework; sourceTree = SDKROOT; };
		97629EBF1800FA3B00ADAEF2 /* Draw-Info.plist */ = {isa = PBXFileReference; lastKnownFileType = text.plist.xml; path = "Draw-Info.plist"; sourceTree = "<group>"; };
		97629EC11800FA3B00ADAEF2 /* en */ = {isa = PBXFileReference; lastKnownFileType = text.plist.strings; name = en; path = en.lproj/InfoPlist.strings; sourceTree = "<group>"; };
		97629EC31800FA3B00ADAEF2 /* main.m */ = {isa = PBXFileReference; lastKnownFileType = sourcecode.c.objc; path = main.m; sourceTree = "<group>"; };
		97629EC51800FA3B00ADAEF2 /* Draw-Prefix.pch */ = {isa = PBXFileReference; lastKnownFileType = sourcecode.c.h; path = "Draw-Prefix.pch"; sourceTree = "<group>"; };
		97629EC61800FA3B00ADAEF2 /* DAppDelegate.h */ = {isa = PBXFileReference; lastKnownFileType = sourcecode.c.h; path = DAppDelegate.h; sourceTree = "<group>"; };
		97629EC71800FA3B00ADAEF2 /* DAppDelegate.m */ = {isa = PBXFileReference; lastKnownFileType = sourcecode.c.objc; path = DAppDelegate.m; sourceTree = "<group>"; };
		97629ECA1800FA3B00ADAEF2 /* Base */ = {isa = PBXFileReference; lastKnownFileType = file.storyboard; name = Base; path = Base.lproj/Main.storyboard; sourceTree = "<group>"; };
		97629ECC1800FA3B00ADAEF2 /* DViewController.h */ = {isa = PBXFileReference; lastKnownFileType = sourcecode.c.h; path = DViewController.h; sourceTree = "<group>"; };
		97629ECD1800FA3B00ADAEF2 /* DViewController.m */ = {isa = PBXFileReference; lastKnownFileType = sourcecode.c.objc; path = DViewController.m; sourceTree = "<group>"; };
		97629ECF1800FA3B00ADAEF2 /* Images.xcassets */ = {isa = PBXFileReference; lastKnownFileType = folder.assetcatalog; path = Images.xcassets; sourceTree = "<group>"; };
		97629ED51800FA3B00ADAEF2 /* DrawTests.xctest */ = {isa = PBXFileReference; explicitFileType = wrapper.cfbundle; includeInIndex = 0; path = DrawTests.xctest; sourceTree = BUILT_PRODUCTS_DIR; };
		97629ED61800FA3B00ADAEF2 /* XCTest.framework */ = {isa = PBXFileReference; lastKnownFileType = wrapper.framework; name = XCTest.framework; path = Library/Frameworks/XCTest.framework; sourceTree = DEVELOPER_DIR; };
		97629EDE1800FA3B00ADAEF2 /* DrawTests-Info.plist */ = {isa = PBXFileReference; lastKnownFileType = text.plist.xml; path = "DrawTests-Info.plist"; sourceTree = "<group>"; };
		97629EE01800FA3B00ADAEF2 /* en */ = {isa = PBXFileReference; lastKnownFileType = text.plist.strings; name = en; path = en.lproj/InfoPlist.strings; sourceTree = "<group>"; };
		97629EE21800FA3B00ADAEF2 /* DrawTests.m */ = {isa = PBXFileReference; lastKnownFileType = sourcecode.c.objc; path = DrawTests.m; sourceTree = "<group>"; };
		97629EEC1800FE6200ADAEF2 /* Twitter.framework */ = {isa = PBXFileReference; lastKnownFileType = wrapper.framework; name = Twitter.framework; path = System/Library/Frameworks/Twitter.framework; sourceTree = SDKROOT; };
		97629EEE1801054000ADAEF2 /* DLoginViewController.h */ = {isa = PBXFileReference; fileEncoding = 4; lastKnownFileType = sourcecode.c.h; path = DLoginViewController.h; sourceTree = "<group>"; };
		97629EEF1801054000ADAEF2 /* DLoginViewController.m */ = {isa = PBXFileReference; fileEncoding = 4; lastKnownFileType = sourcecode.c.objc; path = DLoginViewController.m; sourceTree = "<group>"; };
/* End PBXFileReference section */

/* Begin PBXFrameworksBuildPhase section */
		97629EB11800FA3B00ADAEF2 /* Frameworks */ = {
			isa = PBXFrameworksBuildPhase;
			buildActionMask = 2147483647;
			files = (
				97629EED1800FE6200ADAEF2 /* Twitter.framework in Frameworks */,
				97629EBA1800FA3B00ADAEF2 /* CoreGraphics.framework in Frameworks */,
				97629EBC1800FA3B00ADAEF2 /* UIKit.framework in Frameworks */,
				97629EB81800FA3B00ADAEF2 /* Foundation.framework in Frameworks */,
			);
			runOnlyForDeploymentPostprocessing = 0;
		};
		97629ED21800FA3B00ADAEF2 /* Frameworks */ = {
			isa = PBXFrameworksBuildPhase;
			buildActionMask = 2147483647;
			files = (
				97629ED71800FA3B00ADAEF2 /* XCTest.framework in Frameworks */,
				97629ED91800FA3B00ADAEF2 /* UIKit.framework in Frameworks */,
				97629ED81800FA3B00ADAEF2 /* Foundation.framework in Frameworks */,
			);
			runOnlyForDeploymentPostprocessing = 0;
		};
/* End PBXFrameworksBuildPhase section */

/* Begin PBXGroup section */
		97629EAB1800FA3B00ADAEF2 = {
			isa = PBXGroup;
			children = (
				97629EBD1800FA3B00ADAEF2 /* Draw */,
				97629EDC1800FA3B00ADAEF2 /* DrawTests */,
				97629EB61800FA3B00ADAEF2 /* Frameworks */,
				97629EB51800FA3B00ADAEF2 /* Products */,
			);
			sourceTree = "<group>";
		};
		97629EB51800FA3B00ADAEF2 /* Products */ = {
			isa = PBXGroup;
			children = (
				97629EB41800FA3B00ADAEF2 /* Draw.app */,
				97629ED51800FA3B00ADAEF2 /* DrawTests.xctest */,
			);
			name = Products;
			sourceTree = "<group>";
		};
		97629EB61800FA3B00ADAEF2 /* Frameworks */ = {
			isa = PBXGroup;
			children = (
				97629EEC1800FE6200ADAEF2 /* Twitter.framework */,
				97629EB71800FA3B00ADAEF2 /* Foundation.framework */,
				97629EB91800FA3B00ADAEF2 /* CoreGraphics.framework */,
				97629EBB1800FA3B00ADAEF2 /* UIKit.framework */,
				97629ED61800FA3B00ADAEF2 /* XCTest.framework */,
			);
			name = Frameworks;
			sourceTree = "<group>";
		};
		97629EBD1800FA3B00ADAEF2 /* Draw */ = {
			isa = PBXGroup;
			children = (
				97629EC61800FA3B00ADAEF2 /* DAppDelegate.h */,
				97629EC71800FA3B00ADAEF2 /* DAppDelegate.m */,
				97629EC91800FA3B00ADAEF2 /* Main.storyboard */,
				97629EEE1801054000ADAEF2 /* DLoginViewController.h */,
				97629EEF1801054000ADAEF2 /* DLoginViewController.m */,
				97629ECC1800FA3B00ADAEF2 /* DViewController.h */,
				97629ECD1800FA3B00ADAEF2 /* DViewController.m */,
				97629ECF1800FA3B00ADAEF2 /* Images.xcassets */,
				97629EBE1800FA3B00ADAEF2 /* Supporting Files */,
			);
			path = Draw;
			sourceTree = "<group>";
		};
		97629EBE1800FA3B00ADAEF2 /* Supporting Files */ = {
			isa = PBXGroup;
			children = (
				97629EBF1800FA3B00ADAEF2 /* Draw-Info.plist */,
				97629EC01800FA3B00ADAEF2 /* InfoPlist.strings */,
				97629EC31800FA3B00ADAEF2 /* main.m */,
				97629EC51800FA3B00ADAEF2 /* Draw-Prefix.pch */,
			);
			name = "Supporting Files";
			sourceTree = "<group>";
		};
		97629EDC1800FA3B00ADAEF2 /* DrawTests */ = {
			isa = PBXGroup;
			children = (
				97629EE21800FA3B00ADAEF2 /* DrawTests.m */,
				97629EDD1800FA3B00ADAEF2 /* Supporting Files */,
			);
			path = DrawTests;
			sourceTree = "<group>";
		};
		97629EDD1800FA3B00ADAEF2 /* Supporting Files */ = {
			isa = PBXGroup;
			children = (
				97629EDE1800FA3B00ADAEF2 /* DrawTests-Info.plist */,
				97629EDF1800FA3B00ADAEF2 /* InfoPlist.strings */,
			);
			name = "Supporting Files";
			sourceTree = "<group>";
		};
/* End PBXGroup section */

/* Begin PBXNativeTarget section */
		97629EB31800FA3B00ADAEF2 /* Draw */ = {
			isa = PBXNativeTarget;
			buildConfigurationList = 97629EE61800FA3B00ADAEF2 /* Build configuration list for PBXNativeTarget "Draw" */;
			buildPhases = (
				97629EB01800FA3B00ADAEF2 /* Sources */,
				97629EB11800FA3B00ADAEF2 /* Frameworks */,
				97629EB21800FA3B00ADAEF2 /* Resources */,
			);
			buildRules = (
			);
			dependencies = (
			);
			name = Draw;
			productName = Draw;
			productReference = 97629EB41800FA3B00ADAEF2 /* Draw.app */;
			productType = "com.apple.product-type.application";
		};
		97629ED41800FA3B00ADAEF2 /* DrawTests */ = {
			isa = PBXNativeTarget;
			buildConfigurationList = 97629EE91800FA3B00ADAEF2 /* Build configuration list for PBXNativeTarget "DrawTests" */;
			buildPhases = (
				97629ED11800FA3B00ADAEF2 /* Sources */,
				97629ED21800FA3B00ADAEF2 /* Frameworks */,
				97629ED31800FA3B00ADAEF2 /* Resources */,
			);
			buildRules = (
			);
			dependencies = (
				97629EDB1800FA3B00ADAEF2 /* PBXTargetDependency */,
			);
			name = DrawTests;
			productName = DrawTests;
			productReference = 97629ED51800FA3B00ADAEF2 /* DrawTests.xctest */;
			productType = "com.apple.product-type.bundle.unit-test";
		};
/* End PBXNativeTarget section */

/* Begin PBXProject section */
		97629EAC1800FA3B00ADAEF2 /* Project object */ = {
			isa = PBXProject;
			attributes = {
				CLASSPREFIX = D;
				LastUpgradeCheck = 0500;
				ORGANIZATIONNAME = LadyMartel;
				TargetAttributes = {
					97629ED41800FA3B00ADAEF2 = {
						TestTargetID = 97629EB31800FA3B00ADAEF2;
					};
				};
			};
			buildConfigurationList = 97629EAF1800FA3B00ADAEF2 /* Build configuration list for PBXProject "Draw" */;
			compatibilityVersion = "Xcode 3.2";
			developmentRegion = English;
			hasScannedForEncodings = 0;
			knownRegions = (
				en,
				Base,
			);
			mainGroup = 97629EAB1800FA3B00ADAEF2;
			productRefGroup = 97629EB51800FA3B00ADAEF2 /* Products */;
			projectDirPath = "";
			projectRoot = "";
			targets = (
				97629EB31800FA3B00ADAEF2 /* Draw */,
				97629ED41800FA3B00ADAEF2 /* DrawTests */,
			);
		};
/* End PBXProject section */

/* Begin PBXResourcesBuildPhase section */
		97629EB21800FA3B00ADAEF2 /* Resources */ = {
			isa = PBXResourcesBuildPhase;
			buildActionMask = 2147483647;
			files = (
				97629ED01800FA3B00ADAEF2 /* Images.xcassets in Resources */,
				97629EC21800FA3B00ADAEF2 /* InfoPlist.strings in Resources */,
				97629ECB1800FA3B00ADAEF2 /* Main.storyboard in Resources */,
			);
			runOnlyForDeploymentPostprocessing = 0;
		};
		97629ED31800FA3B00ADAEF2 /* Resources */ = {
			isa = PBXResourcesBuildPhase;
			buildActionMask = 2147483647;
			files = (
				97629EE11800FA3B00ADAEF2 /* InfoPlist.strings in Resources */,
			);
			runOnlyForDeploymentPostprocessing = 0;
		};
/* End PBXResourcesBuildPhase section */

/* Begin PBXSourcesBuildPhase section */
		97629EB01800FA3B00ADAEF2 /* Sources */ = {
			isa = PBXSourcesBuildPhase;
			buildActionMask = 2147483647;
			files = (
				97629ECE1800FA3B00ADAEF2 /* DViewController.m in Sources */,
				97629EF01801054000ADAEF2 /* DLoginViewController.m in Sources */,
				97629EC41800FA3B00ADAEF2 /* main.m in Sources */,
				97629EC81800FA3B00ADAEF2 /* DAppDelegate.m in Sources */,
			);
			runOnlyForDeploymentPostprocessing = 0;
		};
		97629ED11800FA3B00ADAEF2 /* Sources */ = {
			isa = PBXSourcesBuildPhase;
			buildActionMask = 2147483647;
			files = (
				97629EE31800FA3B00ADAEF2 /* DrawTests.m in Sources */,
			);
			runOnlyForDeploymentPostprocessing = 0;
		};
/* End PBXSourcesBuildPhase section */

/* Begin PBXTargetDependency section */
		97629EDB1800FA3B00ADAEF2 /* PBXTargetDependency */ = {
			isa = PBXTargetDependency;
			target = 97629EB31800FA3B00ADAEF2 /* Draw */;
			targetProxy = 97629EDA1800FA3B00ADAEF2 /* PBXContainerItemProxy */;
		};
/* End PBXTargetDependency section */

/* Begin PBXVariantGroup section */
		97629EC01800FA3B00ADAEF2 /* InfoPlist.strings */ = {
			isa = PBXVariantGroup;
			children = (
				97629EC11800FA3B00ADAEF2 /* en */,
			);
			name = InfoPlist.strings;
			sourceTree = "<group>";
		};
		97629EC91800FA3B00ADAEF2 /* Main.storyboard */ = {
			isa = PBXVariantGroup;
			children = (
				97629ECA1800FA3B00ADAEF2 /* Base */,
			);
			name = Main.storyboard;
			sourceTree = "<group>";
		};
		97629EDF1800FA3B00ADAEF2 /* InfoPlist.strings */ = {
			isa = PBXVariantGroup;
			children = (
				97629EE01800FA3B00ADAEF2 /* en */,
			);
			name = InfoPlist.strings;
			sourceTree = "<group>";
		};
/* End PBXVariantGroup section */

/* Begin XCBuildConfiguration section */
		97629EE41800FA3B00ADAEF2 /* Debug */ = {
			isa = XCBuildConfiguration;
			buildSettings = {
				ALWAYS_SEARCH_USER_PATHS = NO;
				ARCHS = "$(ARCHS_STANDARD_INCLUDING_64_BIT)";
				CLANG_CXX_LANGUAGE_STANDARD = "gnu++0x";
				CLANG_CXX_LIBRARY = "libc++";
				CLANG_ENABLE_MODULES = YES;
				CLANG_ENABLE_OBJC_ARC = YES;
				CLANG_WARN_BOOL_CONVERSION = YES;
				CLANG_WARN_CONSTANT_CONVERSION = YES;
				CLANG_WARN_DIRECT_OBJC_ISA_USAGE = YES_ERROR;
				CLANG_WARN_EMPTY_BODY = YES;
				CLANG_WARN_ENUM_CONVERSION = YES;
				CLANG_WARN_INT_CONVERSION = YES;
				CLANG_WARN_OBJC_ROOT_CLASS = YES_ERROR;
				CLANG_WARN__DUPLICATE_METHOD_MATCH = YES;
				"CODE_SIGN_IDENTITY[sdk=iphoneos*]" = "iPhone Developer";
				COPY_PHASE_STRIP = NO;
				GCC_C_LANGUAGE_STANDARD = gnu99;
				GCC_DYNAMIC_NO_PIC = NO;
				GCC_OPTIMIZATION_LEVEL = 0;
				GCC_PREPROCESSOR_DEFINITIONS = (
					"DEBUG=1",
					"$(inherited)",
				);
				GCC_SYMBOLS_PRIVATE_EXTERN = NO;
				GCC_WARN_64_TO_32_BIT_CONVERSION = YES;
				GCC_WARN_ABOUT_RETURN_TYPE = YES_ERROR;
				GCC_WARN_UNDECLARED_SELECTOR = YES;
				GCC_WARN_UNINITIALIZED_AUTOS = YES;
				GCC_WARN_UNUSED_FUNCTION = YES;
				GCC_WARN_UNUSED_VARIABLE = YES;
				IPHONEOS_DEPLOYMENT_TARGET = 7.0;
				ONLY_ACTIVE_ARCH = YES;
				SDKROOT = iphoneos;
			};
			name = Debug;
		};
		97629EE51800FA3B00ADAEF2 /* Release */ = {
			isa = XCBuildConfiguration;
			buildSettings = {
				ALWAYS_SEARCH_USER_PATHS = NO;
				ARCHS = "$(ARCHS_STANDARD_INCLUDING_64_BIT)";
				CLANG_CXX_LANGUAGE_STANDARD = "gnu++0x";
				CLANG_CXX_LIBRARY = "libc++";
				CLANG_ENABLE_MODULES = YES;
				CLANG_ENABLE_OBJC_ARC = YES;
				CLANG_WARN_BOOL_CONVERSION = YES;
				CLANG_WARN_CONSTANT_CONVERSION = YES;
				CLANG_WARN_DIRECT_OBJC_ISA_USAGE = YES_ERROR;
				CLANG_WARN_EMPTY_BODY = YES;
				CLANG_WARN_ENUM_CONVERSION = YES;
				CLANG_WARN_INT_CONVERSION = YES;
				CLANG_WARN_OBJC_ROOT_CLASS = YES_ERROR;
				CLANG_WARN__DUPLICATE_METHOD_MATCH = YES;
				"CODE_SIGN_IDENTITY[sdk=iphoneos*]" = "iPhone Developer";
				COPY_PHASE_STRIP = YES;
				ENABLE_NS_ASSERTIONS = NO;
				GCC_C_LANGUAGE_STANDARD = gnu99;
				GCC_WARN_64_TO_32_BIT_CONVERSION = YES;
				GCC_WARN_ABOUT_RETURN_TYPE = YES_ERROR;
				GCC_WARN_UNDECLARED_SELECTOR = YES;
				GCC_WARN_UNINITIALIZED_AUTOS = YES;
				GCC_WARN_UNUSED_FUNCTION = YES;
				GCC_WARN_UNUSED_VARIABLE = YES;
				IPHONEOS_DEPLOYMENT_TARGET = 7.0;
				SDKROOT = iphoneos;
				VALIDATE_PRODUCT = YES;
			};
			name = Release;
		};
		97629EE71800FA3B00ADAEF2 /* Debug */ = {
			isa = XCBuildConfiguration;
			buildSettings = {
				ASSETCATALOG_COMPILER_APPICON_NAME = AppIcon;
				ASSETCATALOG_COMPILER_LAUNCHIMAGE_NAME = LaunchImage;
				GCC_PRECOMPILE_PREFIX_HEADER = YES;
				GCC_PREFIX_HEADER = "Draw/Draw-Prefix.pch";
				INFOPLIST_FILE = "Draw/Draw-Info.plist";
				PRODUCT_NAME = "$(TARGET_NAME)";
				WRAPPER_EXTENSION = app;
			};
			name = Debug;
		};
		97629EE81800FA3B00ADAEF2 /* Release */ = {
			isa = XCBuildConfiguration;
			buildSettings = {
				ASSETCATALOG_COMPILER_APPICON_NAME = AppIcon;
				ASSETCATALOG_COMPILER_LAUNCHIMAGE_NAME = LaunchImage;
				GCC_PRECOMPILE_PREFIX_HEADER = YES;
				GCC_PREFIX_HEADER = "Draw/Draw-Prefix.pch";
				INFOPLIST_FILE = "Draw/Draw-Info.plist";
				PRODUCT_NAME = "$(TARGET_NAME)";
				WRAPPER_EXTENSION = app;
			};
			name = Release;
		};
		97629EEA1800FA3B00ADAEF2 /* Debug */ = {
			isa = XCBuildConfiguration;
			buildSettings = {
				ARCHS = "$(ARCHS_STANDARD_INCLUDING_64_BIT)";
				BUNDLE_LOADER = "$(BUILT_PRODUCTS_DIR)/Draw.app/Draw";
				FRAMEWORK_SEARCH_PATHS = (
					"$(SDKROOT)/Developer/Library/Frameworks",
					"$(inherited)",
					"$(DEVELOPER_FRAMEWORKS_DIR)",
				);
				GCC_PRECOMPILE_PREFIX_HEADER = YES;
				GCC_PREFIX_HEADER = "Draw/Draw-Prefix.pch";
				GCC_PREPROCESSOR_DEFINITIONS = (
					"DEBUG=1",
					"$(inherited)",
				);
				INFOPLIST_FILE = "DrawTests/DrawTests-Info.plist";
				PRODUCT_NAME = "$(TARGET_NAME)";
				TEST_HOST = "$(BUNDLE_LOADER)";
				WRAPPER_EXTENSION = xctest;
			};
			name = Debug;
		};
		97629EEB1800FA3B00ADAEF2 /* Release */ = {
			isa = XCBuildConfiguration;
			buildSettings = {
				ARCHS = "$(ARCHS_STANDARD_INCLUDING_64_BIT)";
				BUNDLE_LOADER = "$(BUILT_PRODUCTS_DIR)/Draw.app/Draw";
				FRAMEWORK_SEARCH_PATHS = (
					"$(SDKROOT)/Developer/Library/Frameworks",
					"$(inherited)",
					"$(DEVELOPER_FRAMEWORKS_DIR)",
				);
				GCC_PRECOMPILE_PREFIX_HEADER = YES;
				GCC_PREFIX_HEADER = "Draw/Draw-Prefix.pch";
				INFOPLIST_FILE = "DrawTests/DrawTests-Info.plist";
				PRODUCT_NAME = "$(TARGET_NAME)";
				TEST_HOST = "$(BUNDLE_LOADER)";
				WRAPPER_EXTENSION = xctest;
			};
			name = Release;
		};
/* End XCBuildConfiguration section */

/* Begin XCConfigurationList section */
		97629EAF1800FA3B00ADAEF2 /* Build configuration list for PBXProject "Draw" */ = {
			isa = XCConfigurationList;
			buildConfigurations = (
				97629EE41800FA3B00ADAEF2 /* Debug */,
				97629EE51800FA3B00ADAEF2 /* Release */,
			);
			defaultConfigurationIsVisible = 0;
			defaultConfigurationName = Release;
		};
		97629EE61800FA3B00ADAEF2 /* Build configuration list for PBXNativeTarget "Draw" */ = {
			isa = XCConfigurationList;
			buildConfigurations = (
				97629EE71800FA3B00ADAEF2 /* Debug */,
				97629EE81800FA3B00ADAEF2 /* Release */,
			);
			defaultConfigurationIsVisible = 0;
		};
		97629EE91800FA3B00ADAEF2 /* Build configuration list for PBXNativeTarget "DrawTests" */ = {
			isa = XCConfigurationList;
			buildConfigurations = (
				97629EEA1800FA3B00ADAEF2 /* Debug */,
				97629EEB1800FA3B00ADAEF2 /* Release */,
			);
			defaultConfigurationIsVisible = 0;
		};
/* End XCConfigurationList section */
	};
	rootObject = 97629EAC1800FA3B00ADAEF2 /* Project object */;
}
